
Microsoft Visual Studio Solution File, Format Version 12.00
# Visual Studio Version 16
VisualStudioVersion = 16.0.30523.141
MinimumVisualStudioVersion = 10.0.40219.1
Project("{FAE04EC0-301F-11D3-BF4B-00C04F79EFBC}") = "EtiquetaAviso", "EtiquetaAviso\EtiquetaAviso.csproj", "{8FD88592-59BB-492A-AC1C-F2F110C879C0}"
EndProject
Project("{FAE04EC0-301F-11D3-BF4B-00C04F79EFBC}") = "PruebaEtiquetaAviso", "PruebaEtiquetaAviso\PruebaEtiquetaAviso.csproj", "{05C8649A-EB40-42F6-9F24-E4628593118B}"
EndProject
Global
	GlobalSection(SolutionConfigurationPlatforms) = preSolution
		Debug|Any CPU = Debug|Any CPU
		Release|Any CPU = Release|Any CPU
	EndGlobalSection
	GlobalSection(ProjectConfigurationPlatforms) = postSolution
		{8FD88592-59BB-492A-AC1C-F2F110C879C0}.Debug|Any CPU.ActiveCfg = Debug|Any CPU
		{8FD88592-59BB-492A-AC1C-F2F110C879C0}.Debug|Any CPU.Build.0 = Debug|Any CPU
		{8FD88592-59BB-492A-AC1C-F2F110C879C0}.Release|Any CPU.ActiveCfg = Release|Any CPU
		{8FD88592-59BB-492A-AC1C-F2F110C879C0}.Release|Any CPU.Build.0 = Release|Any CPU
		{05C8649A-EB40-42F6-9F24-E4628593118B}.Debug|Any CPU.ActiveCfg = Debug|Any CPU
		{05C8649A-EB40-42F6-9F24-E4628593118B}.Debug|Any CPU.Build.0 = Debug|Any CPU
		{05C8649A-EB40-42F6-9F24-E4628593118B}.Release|Any CPU.ActiveCfg = Release|Any CPU
		{05C8649A-EB40-42F6-9F24-E4628593118B}.Release|Any CPU.Build.0 = Release|Any CPU
	EndGlobalSection
	GlobalSection(SolutionProperties) = preSolution
		HideSolutionNode = FALSE
	EndGlobalSection
	GlobalSection(ExtensibilityGlobals) = postSolution
		SolutionGuid = {E759EBEF-5267-404B-950E-F108D6174898}
	EndGlobalSection
EndGlobal
